github.com/go-sql-driver/mysql v1.7.0 h1:ueSltNNllEqE3qcWBTD0iQd3IpL/6U+mJxLkazJ7YPc=
github.com/go-sql-driver/mysql v1.7.0/go.mod h1:OXbVy3sEdcQ2Doequ6Z5BW6fXNQTmx+9S1MCJN5yJMI=
github.com/google/uuid v1.3.0 h1:t6JiXgmwXMjEs8VusXIJk2BXHsn+wx8BZdTaoZ5fu7I=
github.com/google/uuid v1.3.0/go.mod h1:TIyPZe4MgqvfeYDBFedMoGGpEw/LqOeaOT+nhxU+yHo=
github.com/ipthomas/tukcnst v1.3.6 h1:tOx8U/phZdsNBD9ulWYM2OjYFxisJTgAnldQspYr6wg=
github.com/ipthomas/tukcnst v1.3.6/go.mod h1:ciOdJbw8hryjilsWjN0vhtF3ZbSfEKUd7wfzU0IZ2X8=
github.com/ipthomas/tukdbint v1.3.18 h1:9JxV/N8IquZa/OPFckYGsJ7P9k4f/6aOJIummiC9a54=
github.com/ipthomas/tukdbint v1.3.18/go.mod h1:jaoXb+a1hz71ccBKylMMazbnJ1ExPblVYerlMDNxTEg=
github.com/ipthomas/tukdsub v1.3.16 h1:g8jAlDcYcH8++gDFeKmDT8lsQIv6E+eY8sk4Sl52zKM=
github.com/ipthomas/tukdsub v1.3.16/go.mod h1:AhgX1Ee8nvxSKGKTkefZQFLl4hKoL2WLq8bihBljfpI=
github.com/ipthomas/tukdsub v1.3.17 h1:mPSACQlUS5gP8tEYXkw8WvCtL1AHkmLsojtTC/DB3VU=
github.com/ipthomas/tukdsub v1.3.17/go.mod h1:AhgX1Ee8nvxSKGKTkefZQFLl4hKoL2WLq8bihBljfpI=
github.com/ipthomas/tukhttp v1.3.8 h1:c0vlB/Dfmeun+vW5KH6jwLgLsbuq0Wz34uvbcJ1qPwI=
github.com/ipthomas/tukhttp v1.3.8/go.mod h1:uf0AQ8gBG2Exm0OgXSJLFUcJ4Sg1WyplbeoMkiZvLUY=
github.com/ipthomas/tukpdq v1.3.9 h1:IwCJ/uWHuLVG9oNSEHxUtoTUTJdpSgS/O3HECgF7UOA=
github.com/ipthomas/tukpdq v1.3.9/go.mod h1:jJXkIvVxjS9ZJF/92L3hWl9+WZNZD/+jijx6EDXI/7E=
github.com/ipthomas/tukutil v1.3.8 h1:B638EKGNuVekHT1aABI53lNTyVtMZXOJC7ouTpUI+to=
github.com/ipthomas/tukutil v1.3.8/go.mod h1:fOnuj36dTQReAAgAORW0ulT8dA/CoiVW+qbHjbW6dPI=
