github.com/go-sql-driver/mysql v1.7.0 h1:ueSltNNllEqE3qcWBTD0iQd3IpL/6U+mJxLkazJ7YPc=
github.com/go-sql-driver/mysql v1.7.0/go.mod h1:OXbVy3sEdcQ2Doequ6Z5BW6fXNQTmx+9S1MCJN5yJMI=
github.com/go-sql-driver/mysql v1.7.1 h1:lUIinVbN1DY0xBg0eMOzmmtGoHwWBbvnWubQUrtU8EI=
github.com/go-sql-driver/mysql v1.7.1/go.mod h1:OXbVy3sEdcQ2Doequ6Z5BW6fXNQTmx+9S1MCJN5yJMI=
github.com/google/uuid v1.3.0 h1:t6JiXgmwXMjEs8VusXIJk2BXHsn+wx8BZdTaoZ5fu7I=
github.com/google/uuid v1.3.0/go.mod h1:TIyPZe4MgqvfeYDBFedMoGGpEw/LqOeaOT+nhxU+yHo=
github.com/ipthomas/tukcnst v1.3.6 h1:tOx8U/phZdsNBD9ulWYM2OjYFxisJTgAnldQspYr6wg=
github.com/ipthomas/tukcnst v1.3.6/go.mod h1:ciOdJbw8hryjilsWjN0vhtF3ZbSfEKUd7wfzU0IZ2X8=
github.com/ipthomas/tukdbint v1.3.18 h1:9JxV/N8IquZa/OPFckYGsJ7P9k4f/6aOJIummiC9a54=
github.com/ipthomas/tukdbint v1.3.18/go.mod h1:jaoXb+a1hz71ccBKylMMazbnJ1ExPblVYerlMDNxTEg=
github.com/ipthomas/tukdbint v1.3.21 h1:wZYsmY+XEoyePrZPlfxkf3U9dhbgWAj37rH5eRLap60=
github.com/ipthomas/tukdbint v1.3.21/go.mod h1:e2efZYcXhtF1auDXLLWbMTRC9XHzXb1eF1QDCdzvEGI=
github.com/ipthomas/tukdbint v1.3.22 h1:TkNac8eAY3vbYUDCXJMfBHsvpn5+XlUpoSVBropyuvw=
github.com/ipthomas/tukdbint v1.3.22/go.mod h1:6MtJ3GCUJ8HUjaNoDka6uj3IyKkHybBsHVzdwRJxjmg=
github.com/ipthomas/tukdbint v1.3.24 h1:FzLC2X0IDpmXhTT0b0dZnwS745UU57AxaULgmvyafME=
github.com/ipthomas/tukdbint v1.3.24/go.mod h1:6MtJ3GCUJ8HUjaNoDka6uj3IyKkHybBsHVzdwRJxjmg=
github.com/ipthomas/tukdbint v1.3.25 h1:d1PPiQvXkp3PN5WK/yxFULTv3IyhjqjS63oIs8iAECQ=
github.com/ipthomas/tukdbint v1.3.25/go.mod h1:6MtJ3GCUJ8HUjaNoDka6uj3IyKkHybBsHVzdwRJxjmg=
github.com/ipthomas/tukdbint v1.3.26 h1:H4rGc9Nzq780vswvAKown10LO4jYntskIhaciqjWUhQ=
github.com/ipthomas/tukdbint v1.3.26/go.mod h1:6MtJ3GCUJ8HUjaNoDka6uj3IyKkHybBsHVzdwRJxjmg=
github.com/ipthomas/tukdbint v1.3.27 h1:e7tBVn9twpg6jGOkj+shpSgo8xQUro+VpbFn5e413fQ=
github.com/ipthomas/tukdbint v1.3.27/go.mod h1:6MtJ3GCUJ8HUjaNoDka6uj3IyKkHybBsHVzdwRJxjmg=
github.com/ipthomas/tukdbint v1.3.28 h1:35uuiz920oZCN3RJWtthS30/MbqrskzjJwE+aC/SfWY=
github.com/ipthomas/tukdbint v1.3.28/go.mod h1:6MtJ3GCUJ8HUjaNoDka6uj3IyKkHybBsHVzdwRJxjmg=
github.com/ipthomas/tukdbint v1.3.29 h1:7DPcIbrRhMuI05sg9QN1kaTM5AoqeyZaQnUTh8wMsJ4=
github.com/ipthomas/tukdbint v1.3.29/go.mod h1:6MtJ3GCUJ8HUjaNoDka6uj3IyKkHybBsHVzdwRJxjmg=
github.com/ipthomas/tukdbint v1.3.30 h1:KqtjfjfgOrbRYfpnuOUtlE7Ae8IfMpbEbX3y0xLBF9Q=
github.com/ipthomas/tukdbint v1.3.30/go.mod h1:S6x8vsDHsMUsZ79Qzh4iG3lUzes2iFdgtsBOn4wDMWQ=
github.com/ipthomas/tukdbint v1.3.31 h1:jHjB6pRuEE4yoHnh5s8X+hgaunWuTvInO3rUk0pmmso=
github.com/ipthomas/tukdbint v1.3.31/go.mod h1:S6x8vsDHsMUsZ79Qzh4iG3lUzes2iFdgtsBOn4wDMWQ=
github.com/ipthomas/tukdsub v1.3.16 h1:g8jAlDcYcH8++gDFeKmDT8lsQIv6E+eY8sk4Sl52zKM=
github.com/ipthomas/tukdsub v1.3.16/go.mod h1:AhgX1Ee8nvxSKGKTkefZQFLl4hKoL2WLq8bihBljfpI=
github.com/ipthomas/tukdsub v1.3.17 h1:mPSACQlUS5gP8tEYXkw8WvCtL1AHkmLsojtTC/DB3VU=
github.com/ipthomas/tukdsub v1.3.17/go.mod h1:AhgX1Ee8nvxSKGKTkefZQFLl4hKoL2WLq8bihBljfpI=
github.com/ipthomas/tukdsub v1.3.18 h1:HgQwldA5LIDg9puKDJIaGArPmwtNXlVof8dhxK4tY/8=
github.com/ipthomas/tukdsub v1.3.18/go.mod h1:IJF9Kl2kXQNt6bIGSOFQtZwbAvZhMIsADJiuoLxkq78=
github.com/ipthomas/tukdsub v1.3.19 h1:dpCWRILzzS/Sslayqf12W90qiQmpJ9cuRhU7u2p15es=
github.com/ipthomas/tukdsub v1.3.19/go.mod h1:qZjZBNOISdZjBZEZ8nbpSNxIs9hMh7bzO59XjUzBsBo=
github.com/ipthomas/tukdsub v1.3.20 h1:iRP2mXYcLIRxnXOTAeKI/poJecyWcE5rvh+UA8aqKps=
github.com/ipthomas/tukdsub v1.3.20/go.mod h1:ro991R1RIR5j1d1ypvLEF5yVbyr+/jfnwNQDliRhwmU=
github.com/ipthomas/tukdsub v1.3.22 h1:NQZU6copCLloDuvTaNyP6466c0SquoCgd53lcIBuGfY=
github.com/ipthomas/tukdsub v1.3.22/go.mod h1:XPVL+rNZhoWvtfoI1gIJD+NNhKU5x/eA1f9MFuxVItE=
github.com/ipthomas/tukdsub v1.3.23 h1:UhS9GVUrIoLA/cO5DP5Q+eXQamOjjtsSXL3cnhfu/ZI=
github.com/ipthomas/tukdsub v1.3.23/go.mod h1:nvu9m8xXJS3uKqF6Upd8SPqjWsEW1/mxPDjYENkb/rQ=
github.com/ipthomas/tukdsub v1.3.24 h1:o6B76cMGFTjO+cn+fMk3EkRv1IlV5fMuUVkMfbpm6dY=
github.com/ipthomas/tukdsub v1.3.24/go.mod h1:KpVB2I7EE04vTR1qxX6KA55GvitwJyzwOgACf1Rn9Es=
github.com/ipthomas/tukdsub v1.3.25 h1:F7q+HFM7c/gXAgwDhr5EEX2JkErWfndPP0Bh2njnpJY=
github.com/ipthomas/tukdsub v1.3.25/go.mod h1:XwO0e3W/qwFb9TMZEBw3qA6WG/UuzXX5MC3/HY+Zifw=
github.com/ipthomas/tukdsub v1.3.26 h1:FpUSanE97757iyKhCo6d8KTWywj3v1aVJG+28QfTbcg=
github.com/ipthomas/tukdsub v1.3.26/go.mod h1:49qE6xPoAnTwXCs+HGoUpH7haVaURoL22/0TXZj3W5c=
github.com/ipthomas/tukdsub v1.3.28 h1:qMWua7hX2oTMSEZ7dB2fvl1LLYNTQ3a3a+8EvRebkn0=
github.com/ipthomas/tukdsub v1.3.28/go.mod h1:8bCdwdf7JDLE4mSQfBRrVEVF5+i7piJLdfSNcv6YOwo=
github.com/ipthomas/tukhttp v1.3.8 h1:c0vlB/Dfmeun+vW5KH6jwLgLsbuq0Wz34uvbcJ1qPwI=
github.com/ipthomas/tukhttp v1.3.8/go.mod h1:uf0AQ8gBG2Exm0OgXSJLFUcJ4Sg1WyplbeoMkiZvLUY=
github.com/ipthomas/tukhttp v1.3.9 h1:qQCpOjjgULB+ZhN8Eso4d/jJln5THPQcNfkUt/pVOiM=
github.com/ipthomas/tukhttp v1.3.9/go.mod h1:1iw8iaPSxCmmABBKSaXt0WXVXg/YP2VQR6uiuOYW+5g=
github.com/ipthomas/tukhttp v1.3.10 h1:BqDL2htGAm2H6nOs0JXCcZ9p4HUIYVWCGq3fn5Pz8FU=
github.com/ipthomas/tukhttp v1.3.10/go.mod h1:PIStBCGEHy5VvicxQq4RMkVPDhOnez1AUnEha/X+zW0=
github.com/ipthomas/tukhttp v1.3.11 h1:AlKAeTnr4H1oXbx9G4xj76tJofoBQIYggXOPC8c9fds=
github.com/ipthomas/tukhttp v1.3.11/go.mod h1:PIStBCGEHy5VvicxQq4RMkVPDhOnez1AUnEha/X+zW0=
github.com/ipthomas/tukhttp v1.3.12 h1:fSVFQ1X3aEYxsg7xcSCrWpAg7d+4bBuJxVlLCR9Bv4Y=
github.com/ipthomas/tukhttp v1.3.12/go.mod h1:PIStBCGEHy5VvicxQq4RMkVPDhOnez1AUnEha/X+zW0=
github.com/ipthomas/tukpdq v1.3.9 h1:IwCJ/uWHuLVG9oNSEHxUtoTUTJdpSgS/O3HECgF7UOA=
github.com/ipthomas/tukpdq v1.3.9/go.mod h1:jJXkIvVxjS9ZJF/92L3hWl9+WZNZD/+jijx6EDXI/7E=
github.com/ipthomas/tukpdq v1.3.10 h1:65JwcTY5QLYHKn6x2SmtZzZMtFosQT+DhUrztxdJYig=
github.com/ipthomas/tukpdq v1.3.10/go.mod h1:foaG8frz0pk7PqTu2/Y2tYTAdRkicPvYkycbLuzStmQ=
github.com/ipthomas/tukpdq v1.3.11 h1:Y9bQTJPYFX3G0al8fcjKVgR3T5Cokl+RITb2Ipr6+1o=
github.com/ipthomas/tukpdq v1.3.11/go.mod h1:KXMkCknvGYCKs0SXxvmb4bVampK6ZIm7i8q92UuC7d0=
github.com/ipthomas/tukpdq v1.3.12 h1:zZHwa7MSDsM0RkG36EwqgiEymVbgsR61TVses1OAtEc=
github.com/ipthomas/tukpdq v1.3.12/go.mod h1:bNPPbjl7n1FIqpyQhlOVqPrurp7Ws2xYCu1/6wb5uIs=
github.com/ipthomas/tukutil v1.3.8 h1:B638EKGNuVekHT1aABI53lNTyVtMZXOJC7ouTpUI+to=
github.com/ipthomas/tukutil v1.3.8/go.mod h1:fOnuj36dTQReAAgAORW0ulT8dA/CoiVW+qbHjbW6dPI=
github.com/ipthomas/tukutil v1.3.9 h1:HXT4QvBTkgzqLGasLZ0TuUBWKz0fMX5QRtauv9Qiry0=
github.com/ipthomas/tukutil v1.3.9/go.mod h1:jFcgJ2+neQwVUWgP2ACVgCExi+XDeK7a4NRzMOFhGI8=
github.com/ipthomas/tukutil v1.3.10 h1:mf0ZQv+gv6BuxKqL7L+yjxhy5IYCGlOXAEvgQAq/Ko8=
github.com/ipthomas/tukutil v1.3.10/go.mod h1:jFcgJ2+neQwVUWgP2ACVgCExi+XDeK7a4NRzMOFhGI8=
